
Microsoft Visual Studio Solution File, Format Version 12.00
# Visual Studio Version 16
VisualStudioVersion = 16.0.30204.135
MinimumVisualStudioVersion = 10.0.40219.1
Project("{FAE04EC0-301F-11D3-BF4B-00C04F79EFBC}") = "LoginAPI", "LoginAPI\LoginAPI.csproj", "{91BDBDCF-534E-49C8-B1C1-8A5132565F60}"
EndProject
Global
	GlobalSection(SolutionConfigurationPlatforms) = preSolution
		Debug|Any CPU = Debug|Any CPU
		Release|Any CPU = Release|Any CPU
	EndGlobalSection
	GlobalSection(ProjectConfigurationPlatforms) = postSolution
		{91BDBDCF-534E-49C8-B1C1-8A5132565F60}.Debug|Any CPU.ActiveCfg = Debug|Any CPU
		{91BDBDCF-534E-49C8-B1C1-8A5132565F60}.Debug|Any CPU.Build.0 = Debug|Any CPU
		{91BDBDCF-534E-49C8-B1C1-8A5132565F60}.Release|Any CPU.ActiveCfg = Release|Any CPU
		{91BDBDCF-534E-49C8-B1C1-8A5132565F60}.Release|Any CPU.Build.0 = Release|Any CPU
	EndGlobalSection
	GlobalSection(SolutionProperties) = preSolution
		HideSolutionNode = FALSE
	EndGlobalSection
	GlobalSection(ExtensibilityGlobals) = postSolution
		SolutionGuid = {DB43E474-E901-4702-9337-B512D75A9631}
	EndGlobalSection
EndGlobal
